
Microsoft Visual Studio Solution File, Format Version 12.00
# Visual Studio 15
VisualStudioVersion = 15.0.28307.960
MinimumVisualStudioVersion = 10.0.40219.1
Project("{9A19103F-16F7-4668-BE54-9A1E7A4F7556}") = "DatingApp.Api", "DatingApp.Api\DatingApp.Api.csproj", "{F1696A07-57E6-4F25-9082-4DF1C5CDEE50}"
EndProject
Project("{9A19103F-16F7-4668-BE54-9A1E7A4F7556}") = "DatingApp-SPA", "DatingApp-SPA\DatingApp-SPA.csproj", "{149AC983-BD52-4939-9697-83132CDDA5CD}"
EndProject
Project("{9A19103F-16F7-4668-BE54-9A1E7A4F7556}") = "DatingApplication-SPA", "DatingApplication-SPA\DatingApplication-SPA.csproj", "{DEE40BBC-00E9-4465-A276-9943C4CE2DA6}"
EndProject
Project("{FAE04EC0-301F-11D3-BF4B-00C04F79EFBC}") = "AzureThumbnail", "AzureThumbnail\AzureThumbnail.csproj", "{C770CFA9-79EC-43D0-AF19-662FB63D192E}"
EndProject
Global
	GlobalSection(SolutionConfigurationPlatforms) = preSolution
		Debug|Any CPU = Debug|Any CPU
		Release|Any CPU = Release|Any CPU
	EndGlobalSection
	GlobalSection(ProjectConfigurationPlatforms) = postSolution
		{F1696A07-57E6-4F25-9082-4DF1C5CDEE50}.Debug|Any CPU.ActiveCfg = Debug|Any CPU
		{F1696A07-57E6-4F25-9082-4DF1C5CDEE50}.Debug|Any CPU.Build.0 = Debug|Any CPU
		{F1696A07-57E6-4F25-9082-4DF1C5CDEE50}.Release|Any CPU.ActiveCfg = Release|Any CPU
		{F1696A07-57E6-4F25-9082-4DF1C5CDEE50}.Release|Any CPU.Build.0 = Release|Any CPU
		{149AC983-BD52-4939-9697-83132CDDA5CD}.Debug|Any CPU.ActiveCfg = Debug|Any CPU
		{149AC983-BD52-4939-9697-83132CDDA5CD}.Debug|Any CPU.Build.0 = Debug|Any CPU
		{149AC983-BD52-4939-9697-83132CDDA5CD}.Release|Any CPU.ActiveCfg = Release|Any CPU
		{149AC983-BD52-4939-9697-83132CDDA5CD}.Release|Any CPU.Build.0 = Release|Any CPU
		{DEE40BBC-00E9-4465-A276-9943C4CE2DA6}.Debug|Any CPU.ActiveCfg = Debug|Any CPU
		{DEE40BBC-00E9-4465-A276-9943C4CE2DA6}.Debug|Any CPU.Build.0 = Debug|Any CPU
		{DEE40BBC-00E9-4465-A276-9943C4CE2DA6}.Release|Any CPU.ActiveCfg = Release|Any CPU
		{DEE40BBC-00E9-4465-A276-9943C4CE2DA6}.Release|Any CPU.Build.0 = Release|Any CPU
		{C770CFA9-79EC-43D0-AF19-662FB63D192E}.Debug|Any CPU.ActiveCfg = Debug|Any CPU
		{C770CFA9-79EC-43D0-AF19-662FB63D192E}.Debug|Any CPU.Build.0 = Debug|Any CPU
		{C770CFA9-79EC-43D0-AF19-662FB63D192E}.Release|Any CPU.ActiveCfg = Release|Any CPU
		{C770CFA9-79EC-43D0-AF19-662FB63D192E}.Release|Any CPU.Build.0 = Release|Any CPU
	EndGlobalSection
	GlobalSection(SolutionProperties) = preSolution
		HideSolutionNode = FALSE
	EndGlobalSection
	GlobalSection(ExtensibilityGlobals) = postSolution
		SolutionGuid = {1DCB5729-D2C4-4E00-9CDF-83101339B229}
	EndGlobalSection
EndGlobal
